// !$*UTF8*$!
{
	archiveVersion = 1;
	classes = {
	};
	objectVersion = 48;
	objects = {

/* Begin PBXBuildFile section */
		C0647C48209BC37800C2BE54 /* AppDelegate.swift in Sources */ = {isa = PBXBuildFile; fileRef = C0647C47209BC37800C2BE54 /* AppDelegate.swift */; };
		C0647C4A209BC37800C2BE54 /* ViewController.swift in Sources */ = {isa = PBXBuildFile; fileRef = C0647C49209BC37800C2BE54 /* ViewController.swift */; };
		C0647C4D209BC37800C2BE54 /* Main.storyboard in Resources */ = {isa = PBXBuildFile; fileRef = C0647C4B209BC37800C2BE54 /* Main.storyboard */; };
		C0647C4F209BC37800C2BE54 /* Assets.xcassets in Resources */ = {isa = PBXBuildFile; fileRef = C0647C4E209BC37800C2BE54 /* Assets.xcassets */; };
		C0647C52209BC37800C2BE54 /* LaunchScreen.storyboard in Resources */ = {isa = PBXBuildFile; fileRef = C0647C50209BC37800C2BE54 /* LaunchScreen.storyboard */; };
/* End PBXBuildFile section */

/* Begin PBXFileReference section */
		C0647C44209BC37800C2BE54 /* Pokemon_KL.app */ = {isa = PBXFileReference; explicitFileType = wrapper.application; includeInIndex = 0; path = Pokemon_KL.app; sourceTree = BUILT_PRODUCTS_DIR; };
		C0647C47209BC37800C2BE54 /* AppDelegate.swift */ = {isa = PBXFileReference; lastKnownFileType = sourcecode.swift; path = AppDelegate.swift; sourceTree = "<group>"; };
		C0647C49209BC37800C2BE54 /* ViewController.swift */ = {isa = PBXFileReference; lastKnownFileType = sourcecode.swift; path = ViewController.swift; sourceTree = "<group>"; };
		C0647C4C209BC37800C2BE54 /* Base */ = {isa = PBXFileReference; lastKnownFileType = file.storyboard; name = Base; path = Base.lproj/Main.storyboard; sourceTree = "<group>"; };
		C0647C4E209BC37800C2BE54 /* Assets.xcassets */ = {isa = PBXFileReference; lastKnownFileType = folder.assetcatalog; path = Assets.xcassets; sourceTree = "<group>"; };
		C0647C51209BC37800C2BE54 /* Base */ = {isa = PBXFileReference; lastKnownFileType = file.storyboard; name = Base; path = Base.lproj/LaunchScreen.storyboard; sourceTree = "<group>"; };
		C0647C53209BC37800C2BE54 /* Info.plist */ = {isa = PBXFileReference; lastKnownFileType = text.plist.xml; path = Info.plist; sourceTree = "<group>"; };
/* End PBXFileReference section */

/* Begin PBXFrameworksBuildPhase section */
		C0647C41209BC37800C2BE54 /* Frameworks */ = {
			isa = PBXFrameworksBuildPhase;
			buildActionMask = 2147483647;
			files = (
			);
			runOnlyForDeploymentPostprocessing = 0;
		};
/* End PBXFrameworksBuildPhase section */

/* Begin PBXGroup section */
		C0647C3B209BC37800C2BE54 = {
			isa = PBXGroup;
			children = (
				C0647C46209BC37800C2BE54 /* Pokemon_KL */,
				C0647C45209BC37800C2BE54 /* Products */,
			);
			sourceTree = "<group>";
		};
		C0647C45209BC37800C2BE54 /* Products */ = {
			isa = PBXGroup;
			children = (
				C0647C44209BC37800C2BE54 /* Pokemon_KL.app */,
			);
			name = Products;
			sourceTree = "<group>";
		};
		C0647C46209BC37800C2BE54 /* Pokemon_KL */ = {
			isa = PBXGroup;
			children = (
				C0647C47209BC37800C2BE54 /* AppDelegate.swift */,
				C0647C49209BC37800C2BE54 /* ViewController.swift */,
				C0647C4B209BC37800C2BE54 /* Main.storyboard */,
				C0647C4E209BC37800C2BE54 /* Assets.xcassets */,
				C0647C50209BC37800C2BE54 /* LaunchScreen.storyboard */,
				C0647C53209BC37800C2BE54 /* Info.plist */,
			);
			path = Pokemon_KL;
			sourceTree = "<group>";
		};
/* End PBXGroup section */

/* Begin PBXNativeTarget section */
		C0647C43209BC37800C2BE54 /* Pokemon_KL */ = {
			isa = PBXNativeTarget;
			buildConfigurationList = C0647C56209BC37800C2BE54 /* Build configuration list for PBXNativeTarget "Pokemon_KL" */;
			buildPhases = (
				C0647C40209BC37800C2BE54 /* Sources */,
				C0647C41209BC37800C2BE54 /* Frameworks */,
				C0647C42209BC37800C2BE54 /* Resources */,
			);
			buildRules = (
			);
			dependencies = (
			);
			name = Pokemon_KL;
			productName = Pokemon_KL;
			productReference = C0647C44209BC37800C2BE54 /* Pokemon_KL.app */;
			productType = "com.apple.product-type.application";
		};
/* End PBXNativeTarget section */

/* Begin PBXProject section */
		C0647C3C209BC37800C2BE54 /* Project object */ = {
			isa = PBXProject;
			attributes = {
				LastSwiftUpdateCheck = 0920;
				LastUpgradeCheck = 0920;
				ORGANIZATIONNAME = io.ricoLabs;
				TargetAttributes = {
					C0647C43209BC37800C2BE54 = {
						CreatedOnToolsVersion = 9.2;
						ProvisioningStyle = Automatic;
					};
				};
			};
			buildConfigurationList = C0647C3F209BC37800C2BE54 /* Build configuration list for PBXProject "Pokemon_KL" */;
			compatibilityVersion = "Xcode 8.0";
			developmentRegion = en;
			hasScannedForEncodings = 0;
			knownRegions = (
				en,
				Base,
			);
			mainGroup = C0647C3B209BC37800C2BE54;
			productRefGroup = C0647C45209BC37800C2BE54 /* Products */;
			projectDirPath = "";
			projectRoot = "";
			targets = (
				C0647C43209BC37800C2BE54 /* Pokemon_KL */,
			);
		};
/* End PBXProject section */

/* Begin PBXResourcesBuildPhase section */
		C0647C42209BC37800C2BE54 /* Resources */ = {
			isa = PBXResourcesBuildPhase;
			buildActionMask = 2147483647;
			files = (
				C0647C52209BC37800C2BE54 /* LaunchScreen.storyboard in Resources */,
				C0647C4F209BC37800C2BE54 /* Assets.xcassets in Resources */,
				C0647C4D209BC37800C2BE54 /* Main.storyboard in Resources */,
			);
			runOnlyForDeploymentPostprocessing = 0;
		};
/* End PBXResourcesBuildPhase section */

/* Begin PBXSourcesBuildPhase section */
		C0647C40209BC37800C2BE54 /* Sources */ = {
			isa = PBXSourcesBuildPhase;
			buildActionMask = 2147483647;
			files = (
				C0647C4A209BC37800C2BE54 /* ViewController.swift in Sources */,
				C0647C48209BC37800C2BE54 /* AppDelegate.swift in Sources */,
			);
			runOnlyForDeploymentPostprocessing = 0;
		};
/* End PBXSourcesBuildPhase section */

/* Begin PBXVariantGroup section */
		C0647C4B209BC37800C2BE54 /* Main.storyboard */ = {
			isa = PBXVariantGroup;
			children = (
				C0647C4C209BC37800C2BE54 /* Base */,
			);
			name = Main.storyboard;
			sourceTree = "<group>";
		};
		C0647C50209BC37800C2BE54 /* LaunchScreen.storyboard */ = {
			isa = PBXVariantGroup;
			children = (
				C0647C51209BC37800C2BE54 /* Base */,
			);
			name = LaunchScreen.storyboard;
			sourceTree = "<group>";
		};
/* End PBXVariantGroup section */

/* Begin XCBuildConfiguration section */
		C0647C54209BC37800C2BE54 /* Debug */ = {
			isa = XCBuildConfiguration;
			buildSettings = {
				ALWAYS_SEARCH_USER_PATHS = NO;
				CLANG_ANALYZER_NONNULL = YES;
				CLANG_ANALYZER_NUMBER_OBJECT_CONVERSION = YES_AGGRESSIVE;
				CLANG_CXX_LANGUAGE_STANDARD = "gnu++14";
				CLANG_CXX_LIBRARY = "libc++";
				CLANG_ENABLE_MODULES = YES;
				CLANG_ENABLE_OBJC_ARC = YES;
				CLANG_WARN_BLOCK_CAPTURE_AUTORELEASING = YES;
				CLANG_WARN_BOOL_CONVERSION = YES;
				CLANG_WARN_COMMA = YES;
				CLANG_WARN_CONSTANT_CONVERSION = YES;
				CLANG_WARN_DIRECT_OBJC_ISA_USAGE = YES_ERROR;
				CLANG_WARN_DOCUMENTATION_COMMENTS = YES;
				CLANG_WARN_EMPTY_BODY = YES;
				CLANG_WARN_ENUM_CONVERSION = YES;
				CLANG_WARN_INFINITE_RECURSION = YES;
				CLANG_WARN_INT_CONVERSION = YES;
				CLANG_WARN_NON_LITERAL_NULL_CONVERSION = YES;
				CLANG_WARN_OBJC_LITERAL_CONVERSION = YES;
				CLANG_WARN_OBJC_ROOT_CLASS = YES_ERROR;
				CLANG_WARN_RANGE_LOOP_ANALYSIS = YES;
				CLANG_WARN_STRICT_PROTOTYPES = YES;
				CLANG_WARN_SUSPICIOUS_MOVE = YES;
				CLANG_WARN_UNGUARDED_AVAILABILITY = YES_AGGRESSIVE;
				CLANG_WARN_UNREACHABLE_CODE = YES;
				CLANG_WARN__DUPLICATE_METHOD_MATCH = YES;
				CODE_SIGN_IDENTITY = "iPhone Developer";
				COPY_PHASE_STRIP = NO;
				DEBUG_INFORMATION_FORMAT = dwarf;
				ENABLE_STRICT_OBJC_MSGSEND = YES;
				ENABLE_TESTABILITY = YES;
				GCC_C_LANGUAGE_STANDARD = gnu11;
				GCC_DYNAMIC_NO_PIC = NO;
				GCC_NO_COMMON_BLOCKS = YES;
				GCC_OPTIMIZATION_LEVEL = 0;
				GCC_PREPROCESSOR_DEFINITIONS = (
					"DEBUG=1",
					"$(inherited)",
				);
				GCC_WARN_64_TO_32_BIT_CONVERSION = YES;
				GCC_WARN_ABOUT_RETURN_TYPE = YES_ERROR;
				GCC_WARN_UNDECLARED_SELECTOR = YES;
				GCC_WARN_UNINITIALIZED_AUTOS = YES_AGGRESSIVE;
				GCC_WARN_UNUSED_FUNCTION = YES;
				GCC_WARN_UNUSED_VARIABLE = YES;
				IPHONEOS_DEPLOYMENT_TARGET = 11.2;
				MTL_ENABLE_DEBUG_INFO = YES;
				ONLY_ACTIVE_ARCH = YES;
				SDKROOT = iphoneos;
				SWIFT_ACTIVE_COMPILATION_CONDITIONS = DEBUG;
				SWIFT_OPTIMIZATION_LEVEL = "-Onone";
			};
			name = Debug;
		};
		C0647C55209BC37800C2BE54 /* Release */ = {
			isa = XCBuildConfiguration;
			buildSettings = {
				ALWAYS_SEARCH_USER_PATHS = NO;
				CLANG_ANALYZER_NONNULL = YES;
				CLANG_ANALYZER_NUMBER_OBJECT_CONVERSION = YES_AGGRESSIVE;
				CLANG_CXX_LANGUAGE_STANDARD = "gnu++14";
				CLANG_CXX_LIBRARY = "libc++";
				CLANG_ENABLE_MODULES = YES;
				CLANG_ENABLE_OBJC_ARC = YES;
				CLANG_WARN_BLOCK_CAPTURE_AUTORELEASING = YES;
				CLANG_WARN_BOOL_CONVERSION = YES;
				CLANG_WARN_COMMA = YES;
				CLANG_WARN_CONSTANT_CONVERSION = YES;
				CLANG_WARN_DIRECT_OBJC_ISA_USAGE = YES_ERROR;
				CLANG_WARN_DOCUMENTATION_COMMENTS = YES;
				CLANG_WARN_EMPTY_BODY = YES;
				CLANG_WARN_ENUM_CONVERSION = YES;
				CLANG_WARN_INFINITE_RECURSION = YES;
				CLANG_WARN_INT_CONVERSION = YES;
				CLANG_WARN_NON_LITERAL_NULL_CONVERSION = YES;
				CLANG_WARN_OBJC_LITERAL_CONVERSION = YES;
				CLANG_WARN_OBJC_ROOT_CLASS = YES_ERROR;
				CLANG_WARN_RANGE_LOOP_ANALYSIS = YES;
				CLANG_WARN_STRICT_PROTOTYPES = YES;
				CLANG_WARN_SUSPICIOUS_MOVE = YES;
				CLANG_WARN_UNGUARDED_AVAILABILITY = YES_AGGRESSIVE;
				CLANG_WARN_UNREACHABLE_CODE = YES;
				CLANG_WARN__DUPLICATE_METHOD_MATCH = YES;
				CODE_SIGN_IDENTITY = "iPhone Developer";
				COPY_PHASE_STRIP = NO;
				DEBUG_INFORMATION_FORMAT = "dwarf-with-dsym";
				ENABLE_NS_ASSERTIONS = NO;
				ENABLE_STRICT_OBJC_MSGSEND = YES;
				GCC_C_LANGUAGE_STANDARD = gnu11;
				GCC_NO_COMMON_BLOCKS = YES;
				GCC_WARN_64_TO_32_BIT_CONVERSION = YES;
				GCC_WARN_ABOUT_RETURN_TYPE = YES_ERROR;
				GCC_WARN_UNDECLARED_SELECTOR = YES;
				GCC_WARN_UNINITIALIZED_AUTOS = YES_AGGRESSIVE;
				GCC_WARN_UNUSED_FUNCTION = YES;
				GCC_WARN_UNUSED_VARIABLE = YES;
				IPHONEOS_DEPLOYMENT_TARGET = 11.2;
				MTL_ENABLE_DEBUG_INFO = NO;
				SDKROOT = iphoneos;
				SWIFT_OPTIMIZATION_LEVEL = "-Owholemodule";
				VALIDATE_PRODUCT = YES;
			};
			name = Release;
		};
		C0647C57209BC37800C2BE54 /* Debug */ = {
			isa = XCBuildConfiguration;
			buildSettings = {
				ASSETCATALOG_COMPILER_APPICON_NAME = AppIcon;
				CODE_SIGN_STYLE = Automatic;
				DEVELOPMENT_TEAM = 2SUTJCY8QB;
				INFOPLIST_FILE = Pokemon_KL/Info.plist;
				LD_RUNPATH_SEARCH_PATHS = "$(inherited) @executable_path/Frameworks";
				PRODUCT_BUNDLE_IDENTIFIER = "io.ricoLabs.Pokemon-KL";
				PRODUCT_NAME = "$(TARGET_NAME)";
				SWIFT_VERSION = 4.0;
				TARGETED_DEVICE_FAMILY = "1,2";
			};
			name = Debug;
		};
		C0647C58209BC37800C2BE54 /* Release */ = {
			isa = XCBuildConfiguration;
			buildSettings = {
				ASSETCATALOG_COMPILER_APPICON_NAME = AppIcon;
				CODE_SIGN_STYLE = Automatic;
				DEVELOPMENT_TEAM = 2SUTJCY8QB;
				INFOPLIST_FILE = Pokemon_KL/Info.plist;
				LD_RUNPATH_SEARCH_PATHS = "$(inherited) @executable_path/Frameworks";
				PRODUCT_BUNDLE_IDENTIFIER = "io.ricoLabs.Pokemon-KL";
				PRODUCT_NAME = "$(TARGET_NAME)";
				SWIFT_VERSION = 4.0;
				TARGETED_DEVICE_FAMILY = "1,2";
			};
			name = Release;
		};
/* End XCBuildConfiguration section */

/* Begin XCConfigurationList section */
		C0647C3F209BC37800C2BE54 /* Build configuration list for PBXProject "Pokemon_KL" */ = {
			isa = XCConfigurationList;
			buildConfigurations = (
				C0647C54209BC37800C2BE54 /* Debug */,
				C0647C55209BC37800C2BE54 /* Release */,
			);
			defaultConfigurationIsVisible = 0;
			defaultConfigurationName = Release;
		};
		C0647C56209BC37800C2BE54 /* Build configuration list for PBXNativeTarget "Pokemon_KL" */ = {
			isa = XCConfigurationList;
			buildConfigurations = (
				C0647C57209BC37800C2BE54 /* Debug */,
				C0647C58209BC37800C2BE54 /* Release */,
			);
			defaultConfigurationIsVisible = 0;
			defaultConfigurationName = Release;
		};
/* End XCConfigurationList section */
	};
	rootObject = C0647C3C209BC37800C2BE54 /* Project object */;
}
