// !$*UTF8*$!
{
	archiveVersion = 1;
	classes = {
	};
	objectVersion = 48;
	objects = {

/* Begin PBXBuildFile section */
		C0B5DCAA209286CD0006B977 /* Note.swift in Sources */ = {isa = PBXBuildFile; fileRef = C0B5DCA9209286CD0006B977 /* Note.swift */; };
		C0BD20DB208FDF7F00A0E6E7 /* AppDelegate.swift in Sources */ = {isa = PBXBuildFile; fileRef = C0BD20DA208FDF7F00A0E6E7 /* AppDelegate.swift */; };
		C0BD20DD208FDF7F00A0E6E7 /* ViewController.swift in Sources */ = {isa = PBXBuildFile; fileRef = C0BD20DC208FDF7F00A0E6E7 /* ViewController.swift */; };
		C0BD20E0208FDF7F00A0E6E7 /* Main.storyboard in Resources */ = {isa = PBXBuildFile; fileRef = C0BD20DE208FDF7F00A0E6E7 /* Main.storyboard */; };
		C0BD20E2208FDF7F00A0E6E7 /* Assets.xcassets in Resources */ = {isa = PBXBuildFile; fileRef = C0BD20E1208FDF7F00A0E6E7 /* Assets.xcassets */; };
		C0BD20E5208FDF7F00A0E6E7 /* LaunchScreen.storyboard in Resources */ = {isa = PBXBuildFile; fileRef = C0BD20E3208FDF7F00A0E6E7 /* LaunchScreen.storyboard */; };
		C0BD20ED208FDF8E00A0E6E7 /* QuizQuestions.swift in Sources */ = {isa = PBXBuildFile; fileRef = C0BD20EC208FDF8E00A0E6E7 /* QuizQuestions.swift */; };
/* End PBXBuildFile section */

/* Begin PBXFileReference section */
		C0B5DCA9209286CD0006B977 /* Note.swift */ = {isa = PBXFileReference; lastKnownFileType = sourcecode.swift; path = Note.swift; sourceTree = "<group>"; };
		C0BD20D7208FDF7F00A0E6E7 /* Quiz_Class6.app */ = {isa = PBXFileReference; explicitFileType = wrapper.application; includeInIndex = 0; path = Quiz_Class6.app; sourceTree = BUILT_PRODUCTS_DIR; };
		C0BD20DA208FDF7F00A0E6E7 /* AppDelegate.swift */ = {isa = PBXFileReference; lastKnownFileType = sourcecode.swift; path = AppDelegate.swift; sourceTree = "<group>"; };
		C0BD20DC208FDF7F00A0E6E7 /* ViewController.swift */ = {isa = PBXFileReference; lastKnownFileType = sourcecode.swift; path = ViewController.swift; sourceTree = "<group>"; };
		C0BD20DF208FDF7F00A0E6E7 /* Base */ = {isa = PBXFileReference; lastKnownFileType = file.storyboard; name = Base; path = Base.lproj/Main.storyboard; sourceTree = "<group>"; };
		C0BD20E1208FDF7F00A0E6E7 /* Assets.xcassets */ = {isa = PBXFileReference; lastKnownFileType = folder.assetcatalog; path = Assets.xcassets; sourceTree = "<group>"; };
		C0BD20E4208FDF7F00A0E6E7 /* Base */ = {isa = PBXFileReference; lastKnownFileType = file.storyboard; name = Base; path = Base.lproj/LaunchScreen.storyboard; sourceTree = "<group>"; };
		C0BD20E6208FDF7F00A0E6E7 /* Info.plist */ = {isa = PBXFileReference; lastKnownFileType = text.plist.xml; path = Info.plist; sourceTree = "<group>"; };
		C0BD20EC208FDF8E00A0E6E7 /* QuizQuestions.swift */ = {isa = PBXFileReference; lastKnownFileType = sourcecode.swift; path = QuizQuestions.swift; sourceTree = "<group>"; };
/* End PBXFileReference section */

/* Begin PBXFrameworksBuildPhase section */
		C0BD20D4208FDF7F00A0E6E7 /* Frameworks */ = {
			isa = PBXFrameworksBuildPhase;
			buildActionMask = 2147483647;
			files = (
			);
			runOnlyForDeploymentPostprocessing = 0;
		};
/* End PBXFrameworksBuildPhase section */

/* Begin PBXGroup section */
		C0BD20CE208FDF7F00A0E6E7 = {
			isa = PBXGroup;
			children = (
				C0BD20D9208FDF7F00A0E6E7 /* Quiz_Class6 */,
				C0BD20D8208FDF7F00A0E6E7 /* Products */,
			);
			sourceTree = "<group>";
		};
		C0BD20D8208FDF7F00A0E6E7 /* Products */ = {
			isa = PBXGroup;
			children = (
				C0BD20D7208FDF7F00A0E6E7 /* Quiz_Class6.app */,
			);
			name = Products;
			sourceTree = "<group>";
		};
		C0BD20D9208FDF7F00A0E6E7 /* Quiz_Class6 */ = {
			isa = PBXGroup;
			children = (
				C0BD20DA208FDF7F00A0E6E7 /* AppDelegate.swift */,
				C0BD20DC208FDF7F00A0E6E7 /* ViewController.swift */,
				C0B5DCA9209286CD0006B977 /* Note.swift */,
				C0BD20DE208FDF7F00A0E6E7 /* Main.storyboard */,
				C0BD20E1208FDF7F00A0E6E7 /* Assets.xcassets */,
				C0BD20E3208FDF7F00A0E6E7 /* LaunchScreen.storyboard */,
				C0BD20E6208FDF7F00A0E6E7 /* Info.plist */,
				C0BD20EC208FDF8E00A0E6E7 /* QuizQuestions.swift */,
			);
			path = Quiz_Class6;
			sourceTree = "<group>";
		};
/* End PBXGroup section */

/* Begin PBXNativeTarget section */
		C0BD20D6208FDF7F00A0E6E7 /* Quiz_Class6 */ = {
			isa = PBXNativeTarget;
			buildConfigurationList = C0BD20E9208FDF7F00A0E6E7 /* Build configuration list for PBXNativeTarget "Quiz_Class6" */;
			buildPhases = (
				C0BD20D3208FDF7F00A0E6E7 /* Sources */,
				C0BD20D4208FDF7F00A0E6E7 /* Frameworks */,
				C0BD20D5208FDF7F00A0E6E7 /* Resources */,
			);
			buildRules = (
			);
			dependencies = (
			);
			name = Quiz_Class6;
			productName = Quiz_Class6;
			productReference = C0BD20D7208FDF7F00A0E6E7 /* Quiz_Class6.app */;
			productType = "com.apple.product-type.application";
		};
/* End PBXNativeTarget section */

/* Begin PBXProject section */
		C0BD20CF208FDF7F00A0E6E7 /* Project object */ = {
			isa = PBXProject;
			attributes = {
				LastSwiftUpdateCheck = 0920;
				LastUpgradeCheck = 0920;
				ORGANIZATIONNAME = io.ricoLabs;
				TargetAttributes = {
					C0BD20D6208FDF7F00A0E6E7 = {
						CreatedOnToolsVersion = 9.2;
						ProvisioningStyle = Automatic;
					};
				};
			};
			buildConfigurationList = C0BD20D2208FDF7F00A0E6E7 /* Build configuration list for PBXProject "Quiz_Class6" */;
			compatibilityVersion = "Xcode 8.0";
			developmentRegion = en;
			hasScannedForEncodings = 0;
			knownRegions = (
				en,
				Base,
			);
			mainGroup = C0BD20CE208FDF7F00A0E6E7;
			productRefGroup = C0BD20D8208FDF7F00A0E6E7 /* Products */;
			projectDirPath = "";
			projectRoot = "";
			targets = (
				C0BD20D6208FDF7F00A0E6E7 /* Quiz_Class6 */,
			);
		};
/* End PBXProject section */

/* Begin PBXResourcesBuildPhase section */
		C0BD20D5208FDF7F00A0E6E7 /* Resources */ = {
			isa = PBXResourcesBuildPhase;
			buildActionMask = 2147483647;
			files = (
				C0BD20E5208FDF7F00A0E6E7 /* LaunchScreen.storyboard in Resources */,
				C0BD20E2208FDF7F00A0E6E7 /* Assets.xcassets in Resources */,
				C0BD20E0208FDF7F00A0E6E7 /* Main.storyboard in Resources */,
			);
			runOnlyForDeploymentPostprocessing = 0;
		};
/* End PBXResourcesBuildPhase section */

/* Begin PBXSourcesBuildPhase section */
		C0BD20D3208FDF7F00A0E6E7 /* Sources */ = {
			isa = PBXSourcesBuildPhase;
			buildActionMask = 2147483647;
			files = (
				C0BD20DD208FDF7F00A0E6E7 /* ViewController.swift in Sources */,
				C0BD20ED208FDF8E00A0E6E7 /* QuizQuestions.swift in Sources */,
				C0BD20DB208FDF7F00A0E6E7 /* AppDelegate.swift in Sources */,
				C0B5DCAA209286CD0006B977 /* Note.swift in Sources */,
			);
			runOnlyForDeploymentPostprocessing = 0;
		};
/* End PBXSourcesBuildPhase section */

/* Begin PBXVariantGroup section */
		C0BD20DE208FDF7F00A0E6E7 /* Main.storyboard */ = {
			isa = PBXVariantGroup;
			children = (
				C0BD20DF208FDF7F00A0E6E7 /* Base */,
			);
			name = Main.storyboard;
			sourceTree = "<group>";
		};
		C0BD20E3208FDF7F00A0E6E7 /* LaunchScreen.storyboard */ = {
			isa = PBXVariantGroup;
			children = (
				C0BD20E4208FDF7F00A0E6E7 /* Base */,
			);
			name = LaunchScreen.storyboard;
			sourceTree = "<group>";
		};
/* End PBXVariantGroup section */

/* Begin XCBuildConfiguration section */
		C0BD20E7208FDF7F00A0E6E7 /* Debug */ = {
			isa = XCBuildConfiguration;
			buildSettings = {
				ALWAYS_SEARCH_USER_PATHS = NO;
				CLANG_ANALYZER_NONNULL = YES;
				CLANG_ANALYZER_NUMBER_OBJECT_CONVERSION = YES_AGGRESSIVE;
				CLANG_CXX_LANGUAGE_STANDARD = "gnu++14";
				CLANG_CXX_LIBRARY = "libc++";
				CLANG_ENABLE_MODULES = YES;
				CLANG_ENABLE_OBJC_ARC = YES;
				CLANG_WARN_BLOCK_CAPTURE_AUTORELEASING = YES;
				CLANG_WARN_BOOL_CONVERSION = YES;
				CLANG_WARN_COMMA = YES;
				CLANG_WARN_CONSTANT_CONVERSION = YES;
				CLANG_WARN_DIRECT_OBJC_ISA_USAGE = YES_ERROR;
				CLANG_WARN_DOCUMENTATION_COMMENTS = YES;
				CLANG_WARN_EMPTY_BODY = YES;
				CLANG_WARN_ENUM_CONVERSION = YES;
				CLANG_WARN_INFINITE_RECURSION = YES;
				CLANG_WARN_INT_CONVERSION = YES;
				CLANG_WARN_NON_LITERAL_NULL_CONVERSION = YES;
				CLANG_WARN_OBJC_LITERAL_CONVERSION = YES;
				CLANG_WARN_OBJC_ROOT_CLASS = YES_ERROR;
				CLANG_WARN_RANGE_LOOP_ANALYSIS = YES;
				CLANG_WARN_STRICT_PROTOTYPES = YES;
				CLANG_WARN_SUSPICIOUS_MOVE = YES;
				CLANG_WARN_UNGUARDED_AVAILABILITY = YES_AGGRESSIVE;
				CLANG_WARN_UNREACHABLE_CODE = YES;
				CLANG_WARN__DUPLICATE_METHOD_MATCH = YES;
				CODE_SIGN_IDENTITY = "iPhone Developer";
				COPY_PHASE_STRIP = NO;
				DEBUG_INFORMATION_FORMAT = dwarf;
				ENABLE_STRICT_OBJC_MSGSEND = YES;
				ENABLE_TESTABILITY = YES;
				GCC_C_LANGUAGE_STANDARD = gnu11;
				GCC_DYNAMIC_NO_PIC = NO;
				GCC_NO_COMMON_BLOCKS = YES;
				GCC_OPTIMIZATION_LEVEL = 0;
				GCC_PREPROCESSOR_DEFINITIONS = (
					"DEBUG=1",
					"$(inherited)",
				);
				GCC_WARN_64_TO_32_BIT_CONVERSION = YES;
				GCC_WARN_ABOUT_RETURN_TYPE = YES_ERROR;
				GCC_WARN_UNDECLARED_SELECTOR = YES;
				GCC_WARN_UNINITIALIZED_AUTOS = YES_AGGRESSIVE;
				GCC_WARN_UNUSED_FUNCTION = YES;
				GCC_WARN_UNUSED_VARIABLE = YES;
				IPHONEOS_DEPLOYMENT_TARGET = 11.2;
				MTL_ENABLE_DEBUG_INFO = YES;
				ONLY_ACTIVE_ARCH = YES;
				SDKROOT = iphoneos;
				SWIFT_ACTIVE_COMPILATION_CONDITIONS = DEBUG;
				SWIFT_OPTIMIZATION_LEVEL = "-Onone";
			};
			name = Debug;
		};
		C0BD20E8208FDF7F00A0E6E7 /* Release */ = {
			isa = XCBuildConfiguration;
			buildSettings = {
				ALWAYS_SEARCH_USER_PATHS = NO;
				CLANG_ANALYZER_NONNULL = YES;
				CLANG_ANALYZER_NUMBER_OBJECT_CONVERSION = YES_AGGRESSIVE;
				CLANG_CXX_LANGUAGE_STANDARD = "gnu++14";
				CLANG_CXX_LIBRARY = "libc++";
				CLANG_ENABLE_MODULES = YES;
				CLANG_ENABLE_OBJC_ARC = YES;
				CLANG_WARN_BLOCK_CAPTURE_AUTORELEASING = YES;
				CLANG_WARN_BOOL_CONVERSION = YES;
				CLANG_WARN_COMMA = YES;
				CLANG_WARN_CONSTANT_CONVERSION = YES;
				CLANG_WARN_DIRECT_OBJC_ISA_USAGE = YES_ERROR;
				CLANG_WARN_DOCUMENTATION_COMMENTS = YES;
				CLANG_WARN_EMPTY_BODY = YES;
				CLANG_WARN_ENUM_CONVERSION = YES;
				CLANG_WARN_INFINITE_RECURSION = YES;
				CLANG_WARN_INT_CONVERSION = YES;
				CLANG_WARN_NON_LITERAL_NULL_CONVERSION = YES;
				CLANG_WARN_OBJC_LITERAL_CONVERSION = YES;
				CLANG_WARN_OBJC_ROOT_CLASS = YES_ERROR;
				CLANG_WARN_RANGE_LOOP_ANALYSIS = YES;
				CLANG_WARN_STRICT_PROTOTYPES = YES;
				CLANG_WARN_SUSPICIOUS_MOVE = YES;
				CLANG_WARN_UNGUARDED_AVAILABILITY = YES_AGGRESSIVE;
				CLANG_WARN_UNREACHABLE_CODE = YES;
				CLANG_WARN__DUPLICATE_METHOD_MATCH = YES;
				CODE_SIGN_IDENTITY = "iPhone Developer";
				COPY_PHASE_STRIP = NO;
				DEBUG_INFORMATION_FORMAT = "dwarf-with-dsym";
				ENABLE_NS_ASSERTIONS = NO;
				ENABLE_STRICT_OBJC_MSGSEND = YES;
				GCC_C_LANGUAGE_STANDARD = gnu11;
				GCC_NO_COMMON_BLOCKS = YES;
				GCC_WARN_64_TO_32_BIT_CONVERSION = YES;
				GCC_WARN_ABOUT_RETURN_TYPE = YES_ERROR;
				GCC_WARN_UNDECLARED_SELECTOR = YES;
				GCC_WARN_UNINITIALIZED_AUTOS = YES_AGGRESSIVE;
				GCC_WARN_UNUSED_FUNCTION = YES;
				GCC_WARN_UNUSED_VARIABLE = YES;
				IPHONEOS_DEPLOYMENT_TARGET = 11.2;
				MTL_ENABLE_DEBUG_INFO = NO;
				SDKROOT = iphoneos;
				SWIFT_OPTIMIZATION_LEVEL = "-Owholemodule";
				VALIDATE_PRODUCT = YES;
			};
			name = Release;
		};
		C0BD20EA208FDF7F00A0E6E7 /* Debug */ = {
			isa = XCBuildConfiguration;
			buildSettings = {
				ASSETCATALOG_COMPILER_APPICON_NAME = AppIcon;
				CODE_SIGN_STYLE = Automatic;
				DEVELOPMENT_TEAM = 2SUTJCY8QB;
				INFOPLIST_FILE = Quiz_Class6/Info.plist;
				LD_RUNPATH_SEARCH_PATHS = "$(inherited) @executable_path/Frameworks";
				PRODUCT_BUNDLE_IDENTIFIER = "io.ricoLabs.Quiz-Class6";
				PRODUCT_NAME = "$(TARGET_NAME)";
				SWIFT_VERSION = 4.0;
				TARGETED_DEVICE_FAMILY = "1,2";
			};
			name = Debug;
		};
		C0BD20EB208FDF7F00A0E6E7 /* Release */ = {
			isa = XCBuildConfiguration;
			buildSettings = {
				ASSETCATALOG_COMPILER_APPICON_NAME = AppIcon;
				CODE_SIGN_STYLE = Automatic;
				DEVELOPMENT_TEAM = 2SUTJCY8QB;
				INFOPLIST_FILE = Quiz_Class6/Info.plist;
				LD_RUNPATH_SEARCH_PATHS = "$(inherited) @executable_path/Frameworks";
				PRODUCT_BUNDLE_IDENTIFIER = "io.ricoLabs.Quiz-Class6";
				PRODUCT_NAME = "$(TARGET_NAME)";
				SWIFT_VERSION = 4.0;
				TARGETED_DEVICE_FAMILY = "1,2";
			};
			name = Release;
		};
/* End XCBuildConfiguration section */

/* Begin XCConfigurationList section */
		C0BD20D2208FDF7F00A0E6E7 /* Build configuration list for PBXProject "Quiz_Class6" */ = {
			isa = XCConfigurationList;
			buildConfigurations = (
				C0BD20E7208FDF7F00A0E6E7 /* Debug */,
				C0BD20E8208FDF7F00A0E6E7 /* Release */,
			);
			defaultConfigurationIsVisible = 0;
			defaultConfigurationName = Release;
		};
		C0BD20E9208FDF7F00A0E6E7 /* Build configuration list for PBXNativeTarget "Quiz_Class6" */ = {
			isa = XCConfigurationList;
			buildConfigurations = (
				C0BD20EA208FDF7F00A0E6E7 /* Debug */,
				C0BD20EB208FDF7F00A0E6E7 /* Release */,
			);
			defaultConfigurationIsVisible = 0;
			defaultConfigurationName = Release;
		};
/* End XCConfigurationList section */
	};
	rootObject = C0BD20CF208FDF7F00A0E6E7 /* Project object */;
}
