// !$*UTF8*$!
{
	archiveVersion = 1;
	classes = {
	};
	objectVersion = 48;
	objects = {

/* Begin PBXBuildFile section */
		C00AEA5A2076EE850007F098 /* UIViewControllerExtensions.swift in Sources */ = {isa = PBXBuildFile; fileRef = C00AEA592076EE850007F098 /* UIViewControllerExtensions.swift */; };
		C00AEA602076F1110007F098 /* ButtonStyle.swift in Sources */ = {isa = PBXBuildFile; fileRef = C00AEA5F2076F1110007F098 /* ButtonStyle.swift */; };
		C0B5DCAC20928CBB0006B977 /* PlayerNameEntryViewController.swift in Sources */ = {isa = PBXBuildFile; fileRef = C0B5DCAB20928CBB0006B977 /* PlayerNameEntryViewController.swift */; };
		C0B5DCAF20929B7E0006B977 /* GameModel.swift in Sources */ = {isa = PBXBuildFile; fileRef = C0B5DCAE20929B7E0006B977 /* GameModel.swift */; };
		C0B5DCB12092ABDE0006B977 /* KapicuGame.swift in Sources */ = {isa = PBXBuildFile; fileRef = C0B5DCB02092ABDE0006B977 /* KapicuGame.swift */; };
		C0CF4807206B11B900131955 /* AppDelegate.swift in Sources */ = {isa = PBXBuildFile; fileRef = C0CF4806206B11B900131955 /* AppDelegate.swift */; };
		C0CF480C206B11B900131955 /* Main.storyboard in Resources */ = {isa = PBXBuildFile; fileRef = C0CF480A206B11B900131955 /* Main.storyboard */; };
		C0CF480E206B11B900131955 /* Assets.xcassets in Resources */ = {isa = PBXBuildFile; fileRef = C0CF480D206B11B900131955 /* Assets.xcassets */; };
		C0CF4811206B11B900131955 /* LaunchScreen.storyboard in Resources */ = {isa = PBXBuildFile; fileRef = C0CF480F206B11B900131955 /* LaunchScreen.storyboard */; };
		C0CF4819206B19AB00131955 /* HomeViewController.swift in Sources */ = {isa = PBXBuildFile; fileRef = C0CF4818206B19AB00131955 /* HomeViewController.swift */; };
		C0DF1CE3207447A7005FCD3D /* UIColorExtensions.swift in Sources */ = {isa = PBXBuildFile; fileRef = C0DF1CE2207447A7005FCD3D /* UIColorExtensions.swift */; };
		C0DF1CE5207451CD005FCD3D /* NumberOfPlayersViewController.swift in Sources */ = {isa = PBXBuildFile; fileRef = C0DF1CE4207451CD005FCD3D /* NumberOfPlayersViewController.swift */; };
/* End PBXBuildFile section */

/* Begin PBXFileReference section */
		C00AEA592076EE850007F098 /* UIViewControllerExtensions.swift */ = {isa = PBXFileReference; lastKnownFileType = sourcecode.swift; path = UIViewControllerExtensions.swift; sourceTree = "<group>"; };
		C00AEA5F2076F1110007F098 /* ButtonStyle.swift */ = {isa = PBXFileReference; lastKnownFileType = sourcecode.swift; path = ButtonStyle.swift; sourceTree = "<group>"; };
		C0B5DCAB20928CBB0006B977 /* PlayerNameEntryViewController.swift */ = {isa = PBXFileReference; lastKnownFileType = sourcecode.swift; path = PlayerNameEntryViewController.swift; sourceTree = "<group>"; };
		C0B5DCAE20929B7E0006B977 /* GameModel.swift */ = {isa = PBXFileReference; lastKnownFileType = sourcecode.swift; path = GameModel.swift; sourceTree = "<group>"; };
		C0B5DCB02092ABDE0006B977 /* KapicuGame.swift */ = {isa = PBXFileReference; lastKnownFileType = sourcecode.swift; path = KapicuGame.swift; sourceTree = "<group>"; };
		C0CF4803206B11B900131955 /* kapicuTrackerKL.app */ = {isa = PBXFileReference; explicitFileType = wrapper.application; includeInIndex = 0; path = kapicuTrackerKL.app; sourceTree = BUILT_PRODUCTS_DIR; };
		C0CF4806206B11B900131955 /* AppDelegate.swift */ = {isa = PBXFileReference; lastKnownFileType = sourcecode.swift; path = AppDelegate.swift; sourceTree = "<group>"; };
		C0CF480B206B11B900131955 /* Base */ = {isa = PBXFileReference; lastKnownFileType = file.storyboard; name = Base; path = Base.lproj/Main.storyboard; sourceTree = "<group>"; };
		C0CF480D206B11B900131955 /* Assets.xcassets */ = {isa = PBXFileReference; lastKnownFileType = folder.assetcatalog; path = Assets.xcassets; sourceTree = "<group>"; };
		C0CF4810206B11B900131955 /* Base */ = {isa = PBXFileReference; lastKnownFileType = file.storyboard; name = Base; path = Base.lproj/LaunchScreen.storyboard; sourceTree = "<group>"; };
		C0CF4812206B11B900131955 /* Info.plist */ = {isa = PBXFileReference; lastKnownFileType = text.plist.xml; path = Info.plist; sourceTree = "<group>"; };
		C0CF4818206B19AB00131955 /* HomeViewController.swift */ = {isa = PBXFileReference; lastKnownFileType = sourcecode.swift; path = HomeViewController.swift; sourceTree = "<group>"; };
		C0DF1CE2207447A7005FCD3D /* UIColorExtensions.swift */ = {isa = PBXFileReference; lastKnownFileType = sourcecode.swift; path = UIColorExtensions.swift; sourceTree = "<group>"; };
		C0DF1CE4207451CD005FCD3D /* NumberOfPlayersViewController.swift */ = {isa = PBXFileReference; lastKnownFileType = sourcecode.swift; path = NumberOfPlayersViewController.swift; sourceTree = "<group>"; };
/* End PBXFileReference section */

/* Begin PBXFrameworksBuildPhase section */
		C0CF4800206B11B900131955 /* Frameworks */ = {
			isa = PBXFrameworksBuildPhase;
			buildActionMask = 2147483647;
			files = (
			);
			runOnlyForDeploymentPostprocessing = 0;
		};
/* End PBXFrameworksBuildPhase section */

/* Begin PBXGroup section */
		C00AEA5B2076F01D0007F098 /* ViewControllers */ = {
			isa = PBXGroup;
			children = (
				C0CF4818206B19AB00131955 /* HomeViewController.swift */,
				C0DF1CE4207451CD005FCD3D /* NumberOfPlayersViewController.swift */,
				C0B5DCAB20928CBB0006B977 /* PlayerNameEntryViewController.swift */,
			);
			path = ViewControllers;
			sourceTree = "<group>";
		};
		C00AEA5C2076F0AF0007F098 /* Extensions */ = {
			isa = PBXGroup;
			children = (
				C0DF1CE2207447A7005FCD3D /* UIColorExtensions.swift */,
				C00AEA592076EE850007F098 /* UIViewControllerExtensions.swift */,
			);
			path = Extensions;
			sourceTree = "<group>";
		};
		C00AEA5D2076F0D10007F098 /* Storyboards */ = {
			isa = PBXGroup;
			children = (
				C0CF480A206B11B900131955 /* Main.storyboard */,
				C0CF480F206B11B900131955 /* LaunchScreen.storyboard */,
			);
			path = Storyboards;
			sourceTree = "<group>";
		};
		C00AEA5E2076F0FE0007F098 /* Styles */ = {
			isa = PBXGroup;
			children = (
				C00AEA5F2076F1110007F098 /* ButtonStyle.swift */,
			);
			path = Styles;
			sourceTree = "<group>";
		};
		C0B5DCAD20929B630006B977 /* Models */ = {
			isa = PBXGroup;
			children = (
				C0B5DCAE20929B7E0006B977 /* GameModel.swift */,
				C0B5DCB02092ABDE0006B977 /* KapicuGame.swift */,
			);
			path = Models;
			sourceTree = "<group>";
		};
		C0CF47FA206B11B900131955 = {
			isa = PBXGroup;
			children = (
				C0CF4805206B11B900131955 /* kapicuTrackerKL */,
				C0CF4804206B11B900131955 /* Products */,
			);
			sourceTree = "<group>";
		};
		C0CF4804206B11B900131955 /* Products */ = {
			isa = PBXGroup;
			children = (
				C0CF4803206B11B900131955 /* kapicuTrackerKL.app */,
			);
			name = Products;
			sourceTree = "<group>";
		};
		C0CF4805206B11B900131955 /* kapicuTrackerKL */ = {
			isa = PBXGroup;
			children = (
				C0B5DCAD20929B630006B977 /* Models */,
				C00AEA5E2076F0FE0007F098 /* Styles */,
				C0CF4806206B11B900131955 /* AppDelegate.swift */,
				C00AEA5C2076F0AF0007F098 /* Extensions */,
				C00AEA5B2076F01D0007F098 /* ViewControllers */,
				C00AEA5D2076F0D10007F098 /* Storyboards */,
				C0CF480D206B11B900131955 /* Assets.xcassets */,
				C0CF4812206B11B900131955 /* Info.plist */,
			);
			path = kapicuTrackerKL;
			sourceTree = "<group>";
		};
/* End PBXGroup section */

/* Begin PBXNativeTarget section */
		C0CF4802206B11B900131955 /* kapicuTrackerKL */ = {
			isa = PBXNativeTarget;
			buildConfigurationList = C0CF4815206B11B900131955 /* Build configuration list for PBXNativeTarget "kapicuTrackerKL" */;
			buildPhases = (
				C0CF47FF206B11B900131955 /* Sources */,
				C0CF4800206B11B900131955 /* Frameworks */,
				C0CF4801206B11B900131955 /* Resources */,
			);
			buildRules = (
			);
			dependencies = (
			);
			name = kapicuTrackerKL;
			productName = kapicuTrackerKL;
			productReference = C0CF4803206B11B900131955 /* kapicuTrackerKL.app */;
			productType = "com.apple.product-type.application";
		};
/* End PBXNativeTarget section */

/* Begin PBXProject section */
		C0CF47FB206B11B900131955 /* Project object */ = {
			isa = PBXProject;
			attributes = {
				LastSwiftUpdateCheck = 0920;
				LastUpgradeCheck = 0920;
				ORGANIZATIONNAME = io.ricoLabs;
				TargetAttributes = {
					C0CF4802206B11B900131955 = {
						CreatedOnToolsVersion = 9.2;
						ProvisioningStyle = Automatic;
					};
				};
			};
			buildConfigurationList = C0CF47FE206B11B900131955 /* Build configuration list for PBXProject "kapicuTrackerKL" */;
			compatibilityVersion = "Xcode 8.0";
			developmentRegion = en;
			hasScannedForEncodings = 0;
			knownRegions = (
				en,
				Base,
			);
			mainGroup = C0CF47FA206B11B900131955;
			productRefGroup = C0CF4804206B11B900131955 /* Products */;
			projectDirPath = "";
			projectRoot = "";
			targets = (
				C0CF4802206B11B900131955 /* kapicuTrackerKL */,
			);
		};
/* End PBXProject section */

/* Begin PBXResourcesBuildPhase section */
		C0CF4801206B11B900131955 /* Resources */ = {
			isa = PBXResourcesBuildPhase;
			buildActionMask = 2147483647;
			files = (
				C0CF4811206B11B900131955 /* LaunchScreen.storyboard in Resources */,
				C0CF480E206B11B900131955 /* Assets.xcassets in Resources */,
				C0CF480C206B11B900131955 /* Main.storyboard in Resources */,
			);
			runOnlyForDeploymentPostprocessing = 0;
		};
/* End PBXResourcesBuildPhase section */

/* Begin PBXSourcesBuildPhase section */
		C0CF47FF206B11B900131955 /* Sources */ = {
			isa = PBXSourcesBuildPhase;
			buildActionMask = 2147483647;
			files = (
				C0DF1CE3207447A7005FCD3D /* UIColorExtensions.swift in Sources */,
				C0B5DCAC20928CBB0006B977 /* PlayerNameEntryViewController.swift in Sources */,
				C0CF4807206B11B900131955 /* AppDelegate.swift in Sources */,
				C0B5DCB12092ABDE0006B977 /* KapicuGame.swift in Sources */,
				C00AEA5A2076EE850007F098 /* UIViewControllerExtensions.swift in Sources */,
				C00AEA602076F1110007F098 /* ButtonStyle.swift in Sources */,
				C0B5DCAF20929B7E0006B977 /* GameModel.swift in Sources */,
				C0CF4819206B19AB00131955 /* HomeViewController.swift in Sources */,
				C0DF1CE5207451CD005FCD3D /* NumberOfPlayersViewController.swift in Sources */,
			);
			runOnlyForDeploymentPostprocessing = 0;
		};
/* End PBXSourcesBuildPhase section */

/* Begin PBXVariantGroup section */
		C0CF480A206B11B900131955 /* Main.storyboard */ = {
			isa = PBXVariantGroup;
			children = (
				C0CF480B206B11B900131955 /* Base */,
			);
			name = Main.storyboard;
			sourceTree = "<group>";
		};
		C0CF480F206B11B900131955 /* LaunchScreen.storyboard */ = {
			isa = PBXVariantGroup;
			children = (
				C0CF4810206B11B900131955 /* Base */,
			);
			name = LaunchScreen.storyboard;
			sourceTree = "<group>";
		};
/* End PBXVariantGroup section */

/* Begin XCBuildConfiguration section */
		C0CF4813206B11B900131955 /* Debug */ = {
			isa = XCBuildConfiguration;
			buildSettings = {
				ALWAYS_SEARCH_USER_PATHS = NO;
				CLANG_ANALYZER_NONNULL = YES;
				CLANG_ANALYZER_NUMBER_OBJECT_CONVERSION = YES_AGGRESSIVE;
				CLANG_CXX_LANGUAGE_STANDARD = "gnu++14";
				CLANG_CXX_LIBRARY = "libc++";
				CLANG_ENABLE_MODULES = YES;
				CLANG_ENABLE_OBJC_ARC = YES;
				CLANG_WARN_BLOCK_CAPTURE_AUTORELEASING = YES;
				CLANG_WARN_BOOL_CONVERSION = YES;
				CLANG_WARN_COMMA = YES;
				CLANG_WARN_CONSTANT_CONVERSION = YES;
				CLANG_WARN_DIRECT_OBJC_ISA_USAGE = YES_ERROR;
				CLANG_WARN_DOCUMENTATION_COMMENTS = YES;
				CLANG_WARN_EMPTY_BODY = YES;
				CLANG_WARN_ENUM_CONVERSION = YES;
				CLANG_WARN_INFINITE_RECURSION = YES;
				CLANG_WARN_INT_CONVERSION = YES;
				CLANG_WARN_NON_LITERAL_NULL_CONVERSION = YES;
				CLANG_WARN_OBJC_LITERAL_CONVERSION = YES;
				CLANG_WARN_OBJC_ROOT_CLASS = YES_ERROR;
				CLANG_WARN_RANGE_LOOP_ANALYSIS = YES;
				CLANG_WARN_STRICT_PROTOTYPES = YES;
				CLANG_WARN_SUSPICIOUS_MOVE = YES;
				CLANG_WARN_UNGUARDED_AVAILABILITY = YES_AGGRESSIVE;
				CLANG_WARN_UNREACHABLE_CODE = YES;
				CLANG_WARN__DUPLICATE_METHOD_MATCH = YES;
				CODE_SIGN_IDENTITY = "iPhone Developer";
				COPY_PHASE_STRIP = NO;
				DEBUG_INFORMATION_FORMAT = dwarf;
				ENABLE_STRICT_OBJC_MSGSEND = YES;
				ENABLE_TESTABILITY = YES;
				GCC_C_LANGUAGE_STANDARD = gnu11;
				GCC_DYNAMIC_NO_PIC = NO;
				GCC_NO_COMMON_BLOCKS = YES;
				GCC_OPTIMIZATION_LEVEL = 0;
				GCC_PREPROCESSOR_DEFINITIONS = (
					"DEBUG=1",
					"$(inherited)",
				);
				GCC_WARN_64_TO_32_BIT_CONVERSION = YES;
				GCC_WARN_ABOUT_RETURN_TYPE = YES_ERROR;
				GCC_WARN_UNDECLARED_SELECTOR = YES;
				GCC_WARN_UNINITIALIZED_AUTOS = YES_AGGRESSIVE;
				GCC_WARN_UNUSED_FUNCTION = YES;
				GCC_WARN_UNUSED_VARIABLE = YES;
				IPHONEOS_DEPLOYMENT_TARGET = 10.0;
				MTL_ENABLE_DEBUG_INFO = YES;
				ONLY_ACTIVE_ARCH = YES;
				SDKROOT = iphoneos;
				SWIFT_ACTIVE_COMPILATION_CONDITIONS = DEBUG;
				SWIFT_OPTIMIZATION_LEVEL = "-Onone";
			};
			name = Debug;
		};
		C0CF4814206B11B900131955 /* Release */ = {
			isa = XCBuildConfiguration;
			buildSettings = {
				ALWAYS_SEARCH_USER_PATHS = NO;
				CLANG_ANALYZER_NONNULL = YES;
				CLANG_ANALYZER_NUMBER_OBJECT_CONVERSION = YES_AGGRESSIVE;
				CLANG_CXX_LANGUAGE_STANDARD = "gnu++14";
				CLANG_CXX_LIBRARY = "libc++";
				CLANG_ENABLE_MODULES = YES;
				CLANG_ENABLE_OBJC_ARC = YES;
				CLANG_WARN_BLOCK_CAPTURE_AUTORELEASING = YES;
				CLANG_WARN_BOOL_CONVERSION = YES;
				CLANG_WARN_COMMA = YES;
				CLANG_WARN_CONSTANT_CONVERSION = YES;
				CLANG_WARN_DIRECT_OBJC_ISA_USAGE = YES_ERROR;
				CLANG_WARN_DOCUMENTATION_COMMENTS = YES;
				CLANG_WARN_EMPTY_BODY = YES;
				CLANG_WARN_ENUM_CONVERSION = YES;
				CLANG_WARN_INFINITE_RECURSION = YES;
				CLANG_WARN_INT_CONVERSION = YES;
				CLANG_WARN_NON_LITERAL_NULL_CONVERSION = YES;
				CLANG_WARN_OBJC_LITERAL_CONVERSION = YES;
				CLANG_WARN_OBJC_ROOT_CLASS = YES_ERROR;
				CLANG_WARN_RANGE_LOOP_ANALYSIS = YES;
				CLANG_WARN_STRICT_PROTOTYPES = YES;
				CLANG_WARN_SUSPICIOUS_MOVE = YES;
				CLANG_WARN_UNGUARDED_AVAILABILITY = YES_AGGRESSIVE;
				CLANG_WARN_UNREACHABLE_CODE = YES;
				CLANG_WARN__DUPLICATE_METHOD_MATCH = YES;
				CODE_SIGN_IDENTITY = "iPhone Developer";
				COPY_PHASE_STRIP = NO;
				DEBUG_INFORMATION_FORMAT = "dwarf-with-dsym";
				ENABLE_NS_ASSERTIONS = NO;
				ENABLE_STRICT_OBJC_MSGSEND = YES;
				GCC_C_LANGUAGE_STANDARD = gnu11;
				GCC_NO_COMMON_BLOCKS = YES;
				GCC_WARN_64_TO_32_BIT_CONVERSION = YES;
				GCC_WARN_ABOUT_RETURN_TYPE = YES_ERROR;
				GCC_WARN_UNDECLARED_SELECTOR = YES;
				GCC_WARN_UNINITIALIZED_AUTOS = YES_AGGRESSIVE;
				GCC_WARN_UNUSED_FUNCTION = YES;
				GCC_WARN_UNUSED_VARIABLE = YES;
				IPHONEOS_DEPLOYMENT_TARGET = 10.0;
				MTL_ENABLE_DEBUG_INFO = NO;
				SDKROOT = iphoneos;
				SWIFT_OPTIMIZATION_LEVEL = "-Owholemodule";
				VALIDATE_PRODUCT = YES;
			};
			name = Release;
		};
		C0CF4816206B11B900131955 /* Debug */ = {
			isa = XCBuildConfiguration;
			buildSettings = {
				ASSETCATALOG_COMPILER_APPICON_NAME = AppIcon;
				CODE_SIGN_STYLE = Automatic;
				DEVELOPMENT_TEAM = XHJ6MPN68K;
				INFOPLIST_FILE = kapicuTrackerKL/Info.plist;
				LD_RUNPATH_SEARCH_PATHS = "$(inherited) @executable_path/Frameworks";
				PRODUCT_BUNDLE_IDENTIFIER = io.ricoLabs.kapicuTrackerKL;
				PRODUCT_NAME = "$(TARGET_NAME)";
				SWIFT_VERSION = 4.0;
				TARGETED_DEVICE_FAMILY = 1;
			};
			name = Debug;
		};
		C0CF4817206B11B900131955 /* Release */ = {
			isa = XCBuildConfiguration;
			buildSettings = {
				ASSETCATALOG_COMPILER_APPICON_NAME = AppIcon;
				CODE_SIGN_STYLE = Automatic;
				DEVELOPMENT_TEAM = XHJ6MPN68K;
				INFOPLIST_FILE = kapicuTrackerKL/Info.plist;
				LD_RUNPATH_SEARCH_PATHS = "$(inherited) @executable_path/Frameworks";
				PRODUCT_BUNDLE_IDENTIFIER = io.ricoLabs.kapicuTrackerKL;
				PRODUCT_NAME = "$(TARGET_NAME)";
				SWIFT_VERSION = 4.0;
				TARGETED_DEVICE_FAMILY = 1;
			};
			name = Release;
		};
/* End XCBuildConfiguration section */

/* Begin XCConfigurationList section */
		C0CF47FE206B11B900131955 /* Build configuration list for PBXProject "kapicuTrackerKL" */ = {
			isa = XCConfigurationList;
			buildConfigurations = (
				C0CF4813206B11B900131955 /* Debug */,
				C0CF4814206B11B900131955 /* Release */,
			);
			defaultConfigurationIsVisible = 0;
			defaultConfigurationName = Release;
		};
		C0CF4815206B11B900131955 /* Build configuration list for PBXNativeTarget "kapicuTrackerKL" */ = {
			isa = XCConfigurationList;
			buildConfigurations = (
				C0CF4816206B11B900131955 /* Debug */,
				C0CF4817206B11B900131955 /* Release */,
			);
			defaultConfigurationIsVisible = 0;
			defaultConfigurationName = Release;
		};
/* End XCConfigurationList section */
	};
	rootObject = C0CF47FB206B11B900131955 /* Project object */;
}
